// !$*UTF8*$!
{
	archiveVersion = 1;
	classes = {
	};
	objectVersion = 55;
	objects = {

/* Begin PBXBuildFile section */
		27E2E6042805A200009BB6D1 /* AppDelegate.swift in Sources */ = {isa = PBXBuildFile; fileRef = 27E2E6032805A200009BB6D1 /* AppDelegate.swift */; };
		27E2E6062805A200009BB6D1 /* SceneDelegate.swift in Sources */ = {isa = PBXBuildFile; fileRef = 27E2E6052805A200009BB6D1 /* SceneDelegate.swift */; };
		27E2E6082805A200009BB6D1 /* ViewController.swift in Sources */ = {isa = PBXBuildFile; fileRef = 27E2E6072805A200009BB6D1 /* ViewController.swift */; };
		27E2E60B2805A200009BB6D1 /* Main.storyboard in Resources */ = {isa = PBXBuildFile; fileRef = 27E2E6092805A200009BB6D1 /* Main.storyboard */; };
		27E2E60D2805A203009BB6D1 /* Assets.xcassets in Resources */ = {isa = PBXBuildFile; fileRef = 27E2E60C2805A203009BB6D1 /* Assets.xcassets */; };
		27E2E6102805A203009BB6D1 /* LaunchScreen.storyboard in Resources */ = {isa = PBXBuildFile; fileRef = 27E2E60E2805A203009BB6D1 /* LaunchScreen.storyboard */; };
		27E2E61B2805A204009BB6D1 /* SocketIOSampleExampleTests.swift in Sources */ = {isa = PBXBuildFile; fileRef = 27E2E61A2805A204009BB6D1 /* SocketIOSampleExampleTests.swift */; };
		27E2E6252805A204009BB6D1 /* SocketIOSampleExampleUITests.swift in Sources */ = {isa = PBXBuildFile; fileRef = 27E2E6242805A204009BB6D1 /* SocketIOSampleExampleUITests.swift */; };
		27E2E6272805A204009BB6D1 /* SocketIOSampleExampleUITestsLaunchTests.swift in Sources */ = {isa = PBXBuildFile; fileRef = 27E2E6262805A204009BB6D1 /* SocketIOSampleExampleUITestsLaunchTests.swift */; };
/* End PBXBuildFile section */

/* Begin PBXContainerItemProxy section */
		27E2E6172805A204009BB6D1 /* PBXContainerItemProxy */ = {
			isa = PBXContainerItemProxy;
			containerPortal = 27E2E5F82805A200009BB6D1 /* Project object */;
			proxyType = 1;
			remoteGlobalIDString = 27E2E5FF2805A200009BB6D1;
			remoteInfo = SocketIOSampleExample;
		};
		27E2E6212805A204009BB6D1 /* PBXContainerItemProxy */ = {
			isa = PBXContainerItemProxy;
			containerPortal = 27E2E5F82805A200009BB6D1 /* Project object */;
			proxyType = 1;
			remoteGlobalIDString = 27E2E5FF2805A200009BB6D1;
			remoteInfo = SocketIOSampleExample;
		};
/* End PBXContainerItemProxy section */

/* Begin PBXFileReference section */
		27E2E6002805A200009BB6D1 /* SocketIOSampleExample.app */ = {isa = PBXFileReference; explicitFileType = wrapper.application; includeInIndex = 0; path = SocketIOSampleExample.app; sourceTree = BUILT_PRODUCTS_DIR; };
		27E2E6032805A200009BB6D1 /* AppDelegate.swift */ = {isa = PBXFileReference; lastKnownFileType = sourcecode.swift; path = AppDelegate.swift; sourceTree = "<group>"; };
		27E2E6052805A200009BB6D1 /* SceneDelegate.swift */ = {isa = PBXFileReference; lastKnownFileType = sourcecode.swift; path = SceneDelegate.swift; sourceTree = "<group>"; };
		27E2E6072805A200009BB6D1 /* ViewController.swift */ = {isa = PBXFileReference; lastKnownFileType = sourcecode.swift; path = ViewController.swift; sourceTree = "<group>"; };
		27E2E60A2805A200009BB6D1 /* Base */ = {isa = PBXFileReference; lastKnownFileType = file.storyboard; name = Base; path = Base.lproj/Main.storyboard; sourceTree = "<group>"; };
		27E2E60C2805A203009BB6D1 /* Assets.xcassets */ = {isa = PBXFileReference; lastKnownFileType = folder.assetcatalog; path = Assets.xcassets; sourceTree = "<group>"; };
		27E2E60F2805A203009BB6D1 /* Base */ = {isa = PBXFileReference; lastKnownFileType = file.storyboard; name = Base; path = Base.lproj/LaunchScreen.storyboard; sourceTree = "<group>"; };
		27E2E6112805A203009BB6D1 /* Info.plist */ = {isa = PBXFileReference; lastKnownFileType = text.plist.xml; path = Info.plist; sourceTree = "<group>"; };
		27E2E6162805A204009BB6D1 /* SocketIOSampleExampleTests.xctest */ = {isa = PBXFileReference; explicitFileType = wrapper.cfbundle; includeInIndex = 0; path = SocketIOSampleExampleTests.xctest; sourceTree = BUILT_PRODUCTS_DIR; };
		27E2E61A2805A204009BB6D1 /* SocketIOSampleExampleTests.swift */ = {isa = PBXFileReference; lastKnownFileType = sourcecode.swift; path = SocketIOSampleExampleTests.swift; sourceTree = "<group>"; };
		27E2E6202805A204009BB6D1 /* SocketIOSampleExampleUITests.xctest */ = {isa = PBXFileReference; explicitFileType = wrapper.cfbundle; includeInIndex = 0; path = SocketIOSampleExampleUITests.xctest; sourceTree = BUILT_PRODUCTS_DIR; };
		27E2E6242805A204009BB6D1 /* SocketIOSampleExampleUITests.swift */ = {isa = PBXFileReference; lastKnownFileType = sourcecode.swift; path = SocketIOSampleExampleUITests.swift; sourceTree = "<group>"; };
		27E2E6262805A204009BB6D1 /* SocketIOSampleExampleUITestsLaunchTests.swift */ = {isa = PBXFileReference; lastKnownFileType = sourcecode.swift; path = SocketIOSampleExampleUITestsLaunchTests.swift; sourceTree = "<group>"; };
/* End PBXFileReference section */

/* Begin PBXFrameworksBuildPhase section */
		27E2E5FD2805A200009BB6D1 /* Frameworks */ = {
			isa = PBXFrameworksBuildPhase;
			buildActionMask = 2147483647;
			files = (
			);
			runOnlyForDeploymentPostprocessing = 0;
		};
		27E2E6132805A204009BB6D1 /* Frameworks */ = {
			isa = PBXFrameworksBuildPhase;
			buildActionMask = 2147483647;
			files = (
			);
			runOnlyForDeploymentPostprocessing = 0;
		};
		27E2E61D2805A204009BB6D1 /* Frameworks */ = {
			isa = PBXFrameworksBuildPhase;
			buildActionMask = 2147483647;
			files = (
			);
			runOnlyForDeploymentPostprocessing = 0;
		};
/* End PBXFrameworksBuildPhase section */

/* Begin PBXGroup section */
		27E2E5F72805A200009BB6D1 = {
			isa = PBXGroup;
			children = (
				27E2E6022805A200009BB6D1 /* SocketIOSampleExample */,
				27E2E6192805A204009BB6D1 /* SocketIOSampleExampleTests */,
				27E2E6232805A204009BB6D1 /* SocketIOSampleExampleUITests */,
				27E2E6012805A200009BB6D1 /* Products */,
			);
			sourceTree = "<group>";
		};
		27E2E6012805A200009BB6D1 /* Products */ = {
			isa = PBXGroup;
			children = (
				27E2E6002805A200009BB6D1 /* SocketIOSampleExample.app */,
				27E2E6162805A204009BB6D1 /* SocketIOSampleExampleTests.xctest */,
				27E2E6202805A204009BB6D1 /* SocketIOSampleExampleUITests.xctest */,
			);
			name = Products;
			sourceTree = "<group>";
		};
		27E2E6022805A200009BB6D1 /* SocketIOSampleExample */ = {
			isa = PBXGroup;
			children = (
				27E2E6032805A200009BB6D1 /* AppDelegate.swift */,
				27E2E6052805A200009BB6D1 /* SceneDelegate.swift */,
				27E2E6072805A200009BB6D1 /* ViewController.swift */,
				27E2E6092805A200009BB6D1 /* Main.storyboard */,
				27E2E60C2805A203009BB6D1 /* Assets.xcassets */,
				27E2E60E2805A203009BB6D1 /* LaunchScreen.storyboard */,
				27E2E6112805A203009BB6D1 /* Info.plist */,
			);
			path = SocketIOSampleExample;
			sourceTree = "<group>";
		};
		27E2E6192805A204009BB6D1 /* SocketIOSampleExampleTests */ = {
			isa = PBXGroup;
			children = (
				27E2E61A2805A204009BB6D1 /* SocketIOSampleExampleTests.swift */,
			);
			path = SocketIOSampleExampleTests;
			sourceTree = "<group>";
		};
		27E2E6232805A204009BB6D1 /* SocketIOSampleExampleUITests */ = {
			isa = PBXGroup;
			children = (
				27E2E6242805A204009BB6D1 /* SocketIOSampleExampleUITests.swift */,
				27E2E6262805A204009BB6D1 /* SocketIOSampleExampleUITestsLaunchTests.swift */,
			);
			path = SocketIOSampleExampleUITests;
			sourceTree = "<group>";
		};
/* End PBXGroup section */

/* Begin PBXNativeTarget section */
		27E2E5FF2805A200009BB6D1 /* SocketIOSampleExample */ = {
			isa = PBXNativeTarget;
			buildConfigurationList = 27E2E62A2805A204009BB6D1 /* Build configuration list for PBXNativeTarget "SocketIOSampleExample" */;
			buildPhases = (
				27E2E5FC2805A200009BB6D1 /* Sources */,
				27E2E5FD2805A200009BB6D1 /* Frameworks */,
				27E2E5FE2805A200009BB6D1 /* Resources */,
			);
			buildRules = (
			);
			dependencies = (
			);
			name = SocketIOSampleExample;
			productName = SocketIOSampleExample;
			productReference = 27E2E6002805A200009BB6D1 /* SocketIOSampleExample.app */;
			productType = "com.apple.product-type.application";
		};
		27E2E6152805A204009BB6D1 /* SocketIOSampleExampleTests */ = {
			isa = PBXNativeTarget;
			buildConfigurationList = 27E2E62D2805A204009BB6D1 /* Build configuration list for PBXNativeTarget "SocketIOSampleExampleTests" */;
			buildPhases = (
				27E2E6122805A204009BB6D1 /* Sources */,
				27E2E6132805A204009BB6D1 /* Frameworks */,
				27E2E6142805A204009BB6D1 /* Resources */,
			);
			buildRules = (
			);
			dependencies = (
				27E2E6182805A204009BB6D1 /* PBXTargetDependency */,
			);
			name = SocketIOSampleExampleTests;
			productName = SocketIOSampleExampleTests;
			productReference = 27E2E6162805A204009BB6D1 /* SocketIOSampleExampleTests.xctest */;
			productType = "com.apple.product-type.bundle.unit-test";
		};
		27E2E61F2805A204009BB6D1 /* SocketIOSampleExampleUITests */ = {
			isa = PBXNativeTarget;
			buildConfigurationList = 27E2E6302805A204009BB6D1 /* Build configuration list for PBXNativeTarget "SocketIOSampleExampleUITests" */;
			buildPhases = (
				27E2E61C2805A204009BB6D1 /* Sources */,
				27E2E61D2805A204009BB6D1 /* Frameworks */,
				27E2E61E2805A204009BB6D1 /* Resources */,
			);
			buildRules = (
			);
			dependencies = (
				27E2E6222805A204009BB6D1 /* PBXTargetDependency */,
			);
			name = SocketIOSampleExampleUITests;
			productName = SocketIOSampleExampleUITests;
			productReference = 27E2E6202805A204009BB6D1 /* SocketIOSampleExampleUITests.xctest */;
			productType = "com.apple.product-type.bundle.ui-testing";
		};
/* End PBXNativeTarget section */

/* Begin PBXProject section */
		27E2E5F82805A200009BB6D1 /* Project object */ = {
			isa = PBXProject;
			attributes = {
				BuildIndependentTargetsInParallel = 1;
				LastSwiftUpdateCheck = 1320;
				LastUpgradeCheck = 1320;
				TargetAttributes = {
					27E2E5FF2805A200009BB6D1 = {
						CreatedOnToolsVersion = 13.2.1;
					};
					27E2E6152805A204009BB6D1 = {
						CreatedOnToolsVersion = 13.2.1;
						TestTargetID = 27E2E5FF2805A200009BB6D1;
					};
					27E2E61F2805A204009BB6D1 = {
						CreatedOnToolsVersion = 13.2.1;
						TestTargetID = 27E2E5FF2805A200009BB6D1;
					};
				};
			};
			buildConfigurationList = 27E2E5FB2805A200009BB6D1 /* Build configuration list for PBXProject "SocketIOSampleExample" */;
			compatibilityVersion = "Xcode 13.0";
			developmentRegion = en;
			hasScannedForEncodings = 0;
			knownRegions = (
				en,
				Base,
			);
			mainGroup = 27E2E5F72805A200009BB6D1;
			productRefGroup = 27E2E6012805A200009BB6D1 /* Products */;
			projectDirPath = "";
			projectRoot = "";
			targets = (
				27E2E5FF2805A200009BB6D1 /* SocketIOSampleExample */,
				27E2E6152805A204009BB6D1 /* SocketIOSampleExampleTests */,
				27E2E61F2805A204009BB6D1 /* SocketIOSampleExampleUITests */,
			);
		};
/* End PBXProject section */

/* Begin PBXResourcesBuildPhase section */
		27E2E5FE2805A200009BB6D1 /* Resources */ = {
			isa = PBXResourcesBuildPhase;
			buildActionMask = 2147483647;
			files = (
				27E2E6102805A203009BB6D1 /* LaunchScreen.storyboard in Resources */,
				27E2E60D2805A203009BB6D1 /* Assets.xcassets in Resources */,
				27E2E60B2805A200009BB6D1 /* Main.storyboard in Resources */,
			);
			runOnlyForDeploymentPostprocessing = 0;
		};
		27E2E6142805A204009BB6D1 /* Resources */ = {
			isa = PBXResourcesBuildPhase;
			buildActionMask = 2147483647;
			files = (
			);
			runOnlyForDeploymentPostprocessing = 0;
		};
		27E2E61E2805A204009BB6D1 /* Resources */ = {
			isa = PBXResourcesBuildPhase;
			buildActionMask = 2147483647;
			files = (
			);
			runOnlyForDeploymentPostprocessing = 0;
		};
/* End PBXResourcesBuildPhase section */

/* Begin PBXSourcesBuildPhase section */
		27E2E5FC2805A200009BB6D1 /* Sources */ = {
			isa = PBXSourcesBuildPhase;
			buildActionMask = 2147483647;
			files = (
				27E2E6082805A200009BB6D1 /* ViewController.swift in Sources */,
				27E2E6042805A200009BB6D1 /* AppDelegate.swift in Sources */,
				27E2E6062805A200009BB6D1 /* SceneDelegate.swift in Sources */,
			);
			runOnlyForDeploymentPostprocessing = 0;
		};
		27E2E6122805A204009BB6D1 /* Sources */ = {
			isa = PBXSourcesBuildPhase;
			buildActionMask = 2147483647;
			files = (
				27E2E61B2805A204009BB6D1 /* SocketIOSampleExampleTests.swift in Sources */,
			);
			runOnlyForDeploymentPostprocessing = 0;
		};
		27E2E61C2805A204009BB6D1 /* Sources */ = {
			isa = PBXSourcesBuildPhase;
			buildActionMask = 2147483647;
			files = (
				27E2E6272805A204009BB6D1 /* SocketIOSampleExampleUITestsLaunchTests.swift in Sources */,
				27E2E6252805A204009BB6D1 /* SocketIOSampleExampleUITests.swift in Sources */,
			);
			runOnlyForDeploymentPostprocessing = 0;
		};
/* End PBXSourcesBuildPhase section */

/* Begin PBXTargetDependency section */
		27E2E6182805A204009BB6D1 /* PBXTargetDependency */ = {
			isa = PBXTargetDependency;
			target = 27E2E5FF2805A200009BB6D1 /* SocketIOSampleExample */;
			targetProxy = 27E2E6172805A204009BB6D1 /* PBXContainerItemProxy */;
		};
		27E2E6222805A204009BB6D1 /* PBXTargetDependency */ = {
			isa = PBXTargetDependency;
			target = 27E2E5FF2805A200009BB6D1 /* SocketIOSampleExample */;
			targetProxy = 27E2E6212805A204009BB6D1 /* PBXContainerItemProxy */;
		};
/* End PBXTargetDependency section */

/* Begin PBXVariantGroup section */
		27E2E6092805A200009BB6D1 /* Main.storyboard */ = {
			isa = PBXVariantGroup;
			children = (
				27E2E60A2805A200009BB6D1 /* Base */,
			);
			name = Main.storyboard;
			sourceTree = "<group>";
		};
		27E2E60E2805A203009BB6D1 /* LaunchScreen.storyboard */ = {
			isa = PBXVariantGroup;
			children = (
				27E2E60F2805A203009BB6D1 /* Base */,
			);
			name = LaunchScreen.storyboard;
			sourceTree = "<group>";
		};
/* End PBXVariantGroup section */

/* Begin XCBuildConfiguration section */
		27E2E6282805A204009BB6D1 /* Debug */ = {
			isa = XCBuildConfiguration;
			buildSettings = {
				ALWAYS_SEARCH_USER_PATHS = NO;
				CLANG_ANALYZER_NONNULL = YES;
				CLANG_ANALYZER_NUMBER_OBJECT_CONVERSION = YES_AGGRESSIVE;
				CLANG_CXX_LANGUAGE_STANDARD = "gnu++17";
				CLANG_CXX_LIBRARY = "libc++";
				CLANG_ENABLE_MODULES = YES;
				CLANG_ENABLE_OBJC_ARC = YES;
				CLANG_ENABLE_OBJC_WEAK = YES;
				CLANG_WARN_BLOCK_CAPTURE_AUTORELEASING = YES;
				CLANG_WARN_BOOL_CONVERSION = YES;
				CLANG_WARN_COMMA = YES;
				CLANG_WARN_CONSTANT_CONVERSION = YES;
				CLANG_WARN_DEPRECATED_OBJC_IMPLEMENTATIONS = YES;
				CLANG_WARN_DIRECT_OBJC_ISA_USAGE = YES_ERROR;
				CLANG_WARN_DOCUMENTATION_COMMENTS = YES;
				CLANG_WARN_EMPTY_BODY = YES;
				CLANG_WARN_ENUM_CONVERSION = YES;
				CLANG_WARN_INFINITE_RECURSION = YES;
				CLANG_WARN_INT_CONVERSION = YES;
				CLANG_WARN_NON_LITERAL_NULL_CONVERSION = YES;
				CLANG_WARN_OBJC_IMPLICIT_RETAIN_SELF = YES;
				CLANG_WARN_OBJC_LITERAL_CONVERSION = YES;
				CLANG_WARN_OBJC_ROOT_CLASS = YES_ERROR;
				CLANG_WARN_QUOTED_INCLUDE_IN_FRAMEWORK_HEADER = YES;
				CLANG_WARN_RANGE_LOOP_ANALYSIS = YES;
				CLANG_WARN_STRICT_PROTOTYPES = YES;
				CLANG_WARN_SUSPICIOUS_MOVE = YES;
				CLANG_WARN_UNGUARDED_AVAILABILITY = YES_AGGRESSIVE;
				CLANG_WARN_UNREACHABLE_CODE = YES;
				CLANG_WARN__DUPLICATE_METHOD_MATCH = YES;
				COPY_PHASE_STRIP = NO;
				DEBUG_INFORMATION_FORMAT = dwarf;
				ENABLE_STRICT_OBJC_MSGSEND = YES;
				ENABLE_TESTABILITY = YES;
				GCC_C_LANGUAGE_STANDARD = gnu11;
				GCC_DYNAMIC_NO_PIC = NO;
				GCC_NO_COMMON_BLOCKS = YES;
				GCC_OPTIMIZATION_LEVEL = 0;
				GCC_PREPROCESSOR_DEFINITIONS = (
					"DEBUG=1",
					"$(inherited)",
				);
				GCC_WARN_64_TO_32_BIT_CONVERSION = YES;
				GCC_WARN_ABOUT_RETURN_TYPE = YES_ERROR;
				GCC_WARN_UNDECLARED_SELECTOR = YES;
				GCC_WARN_UNINITIALIZED_AUTOS = YES_AGGRESSIVE;
				GCC_WARN_UNUSED_FUNCTION = YES;
				GCC_WARN_UNUSED_VARIABLE = YES;
				IPHONEOS_DEPLOYMENT_TARGET = 15.2;
				MTL_ENABLE_DEBUG_INFO = INCLUDE_SOURCE;
				MTL_FAST_MATH = YES;
				ONLY_ACTIVE_ARCH = YES;
				SDKROOT = iphoneos;
				SWIFT_ACTIVE_COMPILATION_CONDITIONS = DEBUG;
				SWIFT_OPTIMIZATION_LEVEL = "-Onone";
			};
			name = Debug;
		};
		27E2E6292805A204009BB6D1 /* Release */ = {
			isa = XCBuildConfiguration;
			buildSettings = {
				ALWAYS_SEARCH_USER_PATHS = NO;
				CLANG_ANALYZER_NONNULL = YES;
				CLANG_ANALYZER_NUMBER_OBJECT_CONVERSION = YES_AGGRESSIVE;
				CLANG_CXX_LANGUAGE_STANDARD = "gnu++17";
				CLANG_CXX_LIBRARY = "libc++";
				CLANG_ENABLE_MODULES = YES;
				CLANG_ENABLE_OBJC_ARC = YES;
				CLANG_ENABLE_OBJC_WEAK = YES;
				CLANG_WARN_BLOCK_CAPTURE_AUTORELEASING = YES;
				CLANG_WARN_BOOL_CONVERSION = YES;
				CLANG_WARN_COMMA = YES;
				CLANG_WARN_CONSTANT_CONVERSION = YES;
				CLANG_WARN_DEPRECATED_OBJC_IMPLEMENTATIONS = YES;
				CLANG_WARN_DIRECT_OBJC_ISA_USAGE = YES_ERROR;
				CLANG_WARN_DOCUMENTATION_COMMENTS = YES;
				CLANG_WARN_EMPTY_BODY = YES;
				CLANG_WARN_ENUM_CONVERSION = YES;
				CLANG_WARN_INFINITE_RECURSION = YES;
				CLANG_WARN_INT_CONVERSION = YES;
				CLANG_WARN_NON_LITERAL_NULL_CONVERSION = YES;
				CLANG_WARN_OBJC_IMPLICIT_RETAIN_SELF = YES;
				CLANG_WARN_OBJC_LITERAL_CONVERSION = YES;
				CLANG_WARN_OBJC_ROOT_CLASS = YES_ERROR;
				CLANG_WARN_QUOTED_INCLUDE_IN_FRAMEWORK_HEADER = YES;
				CLANG_WARN_RANGE_LOOP_ANALYSIS = YES;
				CLANG_WARN_STRICT_PROTOTYPES = YES;
				CLANG_WARN_SUSPICIOUS_MOVE = YES;
				CLANG_WARN_UNGUARDED_AVAILABILITY = YES_AGGRESSIVE;
				CLANG_WARN_UNREACHABLE_CODE = YES;
				CLANG_WARN__DUPLICATE_METHOD_MATCH = YES;
				COPY_PHASE_STRIP = NO;
				DEBUG_INFORMATION_FORMAT = "dwarf-with-dsym";
				ENABLE_NS_ASSERTIONS = NO;
				ENABLE_STRICT_OBJC_MSGSEND = YES;
				GCC_C_LANGUAGE_STANDARD = gnu11;
				GCC_NO_COMMON_BLOCKS = YES;
				GCC_WARN_64_TO_32_BIT_CONVERSION = YES;
				GCC_WARN_ABOUT_RETURN_TYPE = YES_ERROR;
				GCC_WARN_UNDECLARED_SELECTOR = YES;
				GCC_WARN_UNINITIALIZED_AUTOS = YES_AGGRESSIVE;
				GCC_WARN_UNUSED_FUNCTION = YES;
				GCC_WARN_UNUSED_VARIABLE = YES;
				IPHONEOS_DEPLOYMENT_TARGET = 15.2;
				MTL_ENABLE_DEBUG_INFO = NO;
				MTL_FAST_MATH = YES;
				SDKROOT = iphoneos;
				SWIFT_COMPILATION_MODE = wholemodule;
				SWIFT_OPTIMIZATION_LEVEL = "-O";
				VALIDATE_PRODUCT = YES;
			};
			name = Release;
		};
		27E2E62B2805A204009BB6D1 /* Debug */ = {
			isa = XCBuildConfiguration;
			buildSettings = {
				ASSETCATALOG_COMPILER_APPICON_NAME = AppIcon;
				ASSETCATALOG_COMPILER_GLOBAL_ACCENT_COLOR_NAME = AccentColor;
				CODE_SIGN_STYLE = Automatic;
				CURRENT_PROJECT_VERSION = 1;
				GENERATE_INFOPLIST_FILE = YES;
				INFOPLIST_FILE = SocketIOSampleExample/Info.plist;
				INFOPLIST_KEY_UIApplicationSupportsIndirectInputEvents = YES;
				INFOPLIST_KEY_UILaunchStoryboardName = LaunchScreen;
				INFOPLIST_KEY_UIMainStoryboardFile = Main;
				INFOPLIST_KEY_UISupportedInterfaceOrientations_iPad = "UIInterfaceOrientationPortrait UIInterfaceOrientationPortraitUpsideDown UIInterfaceOrientationLandscapeLeft UIInterfaceOrientationLandscapeRight";
				INFOPLIST_KEY_UISupportedInterfaceOrientations_iPhone = "UIInterfaceOrientationPortrait UIInterfaceOrientationLandscapeLeft UIInterfaceOrientationLandscapeRight";
				LD_RUNPATH_SEARCH_PATHS = (
					"$(inherited)",
					"@executable_path/Frameworks",
				);
				MARKETING_VERSION = 1.0;
				PRODUCT_BUNDLE_IDENTIFIER = com.alimyldz.co.SocketIOSampleExample;
				PRODUCT_NAME = "$(TARGET_NAME)";
				SWIFT_EMIT_LOC_STRINGS = YES;
				SWIFT_VERSION = 5.0;
				TARGETED_DEVICE_FAMILY = "1,2";
			};
			name = Debug;
		};
		27E2E62C2805A204009BB6D1 /* Release */ = {
			isa = XCBuildConfiguration;
			buildSettings = {
				ASSETCATALOG_COMPILER_APPICON_NAME = AppIcon;
				ASSETCATALOG_COMPILER_GLOBAL_ACCENT_COLOR_NAME = AccentColor;
				CODE_SIGN_STYLE = Automatic;
				CURRENT_PROJECT_VERSION = 1;
				GENERATE_INFOPLIST_FILE = YES;
				INFOPLIST_FILE = SocketIOSampleExample/Info.plist;
				INFOPLIST_KEY_UIApplicationSupportsIndirectInputEvents = YES;
				INFOPLIST_KEY_UILaunchStoryboardName = LaunchScreen;
				INFOPLIST_KEY_UIMainStoryboardFile = Main;
				INFOPLIST_KEY_UISupportedInterfaceOrientations_iPad = "UIInterfaceOrientationPortrait UIInterfaceOrientationPortraitUpsideDown UIInterfaceOrientationLandscapeLeft UIInterfaceOrientationLandscapeRight";
				INFOPLIST_KEY_UISupportedInterfaceOrientations_iPhone = "UIInterfaceOrientationPortrait UIInterfaceOrientationLandscapeLeft UIInterfaceOrientationLandscapeRight";
				LD_RUNPATH_SEARCH_PATHS = (
					"$(inherited)",
					"@executable_path/Frameworks",
				);
				MARKETING_VERSION = 1.0;
				PRODUCT_BUNDLE_IDENTIFIER = com.alimyldz.co.SocketIOSampleExample;
				PRODUCT_NAME = "$(TARGET_NAME)";
				SWIFT_EMIT_LOC_STRINGS = YES;
				SWIFT_VERSION = 5.0;
				TARGETED_DEVICE_FAMILY = "1,2";
			};
			name = Release;
		};
		27E2E62E2805A204009BB6D1 /* Debug */ = {
			isa = XCBuildConfiguration;
			buildSettings = {
				ALWAYS_EMBED_SWIFT_STANDARD_LIBRARIES = YES;
				BUNDLE_LOADER = "$(TEST_HOST)";
				CODE_SIGN_STYLE = Automatic;
				CURRENT_PROJECT_VERSION = 1;
				GENERATE_INFOPLIST_FILE = YES;
				IPHONEOS_DEPLOYMENT_TARGET = 15.2;
				MARKETING_VERSION = 1.0;
				PRODUCT_BUNDLE_IDENTIFIER = com.alimyldz.co.SocketIOSampleExampleTests;
				PRODUCT_NAME = "$(TARGET_NAME)";
				SWIFT_EMIT_LOC_STRINGS = NO;
				SWIFT_VERSION = 5.0;
				TARGETED_DEVICE_FAMILY = "1,2";
				TEST_HOST = "$(BUILT_PRODUCTS_DIR)/SocketIOSampleExample.app/SocketIOSampleExample";
			};
			name = Debug;
		};
		27E2E62F2805A204009BB6D1 /* Release */ = {
			isa = XCBuildConfiguration;
			buildSettings = {
				ALWAYS_EMBED_SWIFT_STANDARD_LIBRARIES = YES;
				BUNDLE_LOADER = "$(TEST_HOST)";
				CODE_SIGN_STYLE = Automatic;
				CURRENT_PROJECT_VERSION = 1;
				GENERATE_INFOPLIST_FILE = YES;
				IPHONEOS_DEPLOYMENT_TARGET = 15.2;
				MARKETING_VERSION = 1.0;
				PRODUCT_BUNDLE_IDENTIFIER = com.alimyldz.co.SocketIOSampleExampleTests;
				PRODUCT_NAME = "$(TARGET_NAME)";
				SWIFT_EMIT_LOC_STRINGS = NO;
				SWIFT_VERSION = 5.0;
				TARGETED_DEVICE_FAMILY = "1,2";
				TEST_HOST = "$(BUILT_PRODUCTS_DIR)/SocketIOSampleExample.app/SocketIOSampleExample";
			};
			name = Release;
		};
		27E2E6312805A204009BB6D1 /* Debug */ = {
			isa = XCBuildConfiguration;
			buildSettings = {
				ALWAYS_EMBED_SWIFT_STANDARD_LIBRARIES = YES;
				CODE_SIGN_STYLE = Automatic;
				CURRENT_PROJECT_VERSION = 1;
				GENERATE_INFOPLIST_FILE = YES;
				MARKETING_VERSION = 1.0;
				PRODUCT_BUNDLE_IDENTIFIER = com.alimyldz.co.SocketIOSampleExampleUITests;
				PRODUCT_NAME = "$(TARGET_NAME)";
				SWIFT_EMIT_LOC_STRINGS = NO;
				SWIFT_VERSION = 5.0;
				TARGETED_DEVICE_FAMILY = "1,2";
				TEST_TARGET_NAME = SocketIOSampleExample;
			};
			name = Debug;
		};
		27E2E6322805A204009BB6D1 /* Release */ = {
			isa = XCBuildConfiguration;
			buildSettings = {
				ALWAYS_EMBED_SWIFT_STANDARD_LIBRARIES = YES;
				CODE_SIGN_STYLE = Automatic;
				CURRENT_PROJECT_VERSION = 1;
				GENERATE_INFOPLIST_FILE = YES;
				MARKETING_VERSION = 1.0;
				PRODUCT_BUNDLE_IDENTIFIER = com.alimyldz.co.SocketIOSampleExampleUITests;
				PRODUCT_NAME = "$(TARGET_NAME)";
				SWIFT_EMIT_LOC_STRINGS = NO;
				SWIFT_VERSION = 5.0;
				TARGETED_DEVICE_FAMILY = "1,2";
				TEST_TARGET_NAME = SocketIOSampleExample;
			};
			name = Release;
		};
/* End XCBuildConfiguration section */

/* Begin XCConfigurationList section */
		27E2E5FB2805A200009BB6D1 /* Build configuration list for PBXProject "SocketIOSampleExample" */ = {
			isa = XCConfigurationList;
			buildConfigurations = (
				27E2E6282805A204009BB6D1 /* Debug */,
				27E2E6292805A204009BB6D1 /* Release */,
			);
			defaultConfigurationIsVisible = 0;
			defaultConfigurationName = Release;
		};
		27E2E62A2805A204009BB6D1 /* Build configuration list for PBXNativeTarget "SocketIOSampleExample" */ = {
			isa = XCConfigurationList;
			buildConfigurations = (
				27E2E62B2805A204009BB6D1 /* Debug */,
				27E2E62C2805A204009BB6D1 /* Release */,
			);
			defaultConfigurationIsVisible = 0;
			defaultConfigurationName = Release;
		};
		27E2E62D2805A204009BB6D1 /* Build configuration list for PBXNativeTarget "SocketIOSampleExampleTests" */ = {
			isa = XCConfigurationList;
			buildConfigurations = (
				27E2E62E2805A204009BB6D1 /* Debug */,
				27E2E62F2805A204009BB6D1 /* Release */,
			);
			defaultConfigurationIsVisible = 0;
			defaultConfigurationName = Release;
		};
		27E2E6302805A204009BB6D1 /* Build configuration list for PBXNativeTarget "SocketIOSampleExampleUITests" */ = {
			isa = XCConfigurationList;
			buildConfigurations = (
				27E2E6312805A204009BB6D1 /* Debug */,
				27E2E6322805A204009BB6D1 /* Release */,
			);
			defaultConfigurationIsVisible = 0;
			defaultConfigurationName = Release;
		};
/* End XCConfigurationList section */
	};
	rootObject = 27E2E5F82805A200009BB6D1 /* Project object */;
}
